
Microsoft Visual Studio Solution File, Format Version 12.00
# Visual Studio Version 17
VisualStudioVersion = 17.9.34701.34
MinimumVisualStudioVersion = 10.0.40219.1
Project("{2150E333-8FDC-42A3-9474-1A3956D46DE8}") = "src", "src", "{B18077F9-DA28-4C5F-AA30-84EF851A5976}"
EndProject
Project("{9A19103F-16F7-4668-BE54-9A1E7A4F7556}") = "Lycoris.AutoMapper.Extensions", "src\Lycoris.AutoMapper.Extensions.csproj", "{AB2B1CA0-881B-4462-B9F4-0F63868522FA}"
EndProject
Global
	GlobalSection(SolutionConfigurationPlatforms) = preSolution
		Debug|Any CPU = Debug|Any CPU
		Release|Any CPU = Release|Any CPU
	EndGlobalSection
	GlobalSection(ProjectConfigurationPlatforms) = postSolution
		{AB2B1CA0-881B-4462-B9F4-0F63868522FA}.Debug|Any CPU.ActiveCfg = Debug|Any CPU
		{AB2B1CA0-881B-4462-B9F4-0F63868522FA}.Debug|Any CPU.Build.0 = Debug|Any CPU
		{AB2B1CA0-881B-4462-B9F4-0F63868522FA}.Release|Any CPU.ActiveCfg = Release|Any CPU
		{AB2B1CA0-881B-4462-B9F4-0F63868522FA}.Release|Any CPU.Build.0 = Release|Any CPU
	EndGlobalSection
	GlobalSection(SolutionProperties) = preSolution
		HideSolutionNode = FALSE
	EndGlobalSection
	GlobalSection(NestedProjects) = preSolution
		{AB2B1CA0-881B-4462-B9F4-0F63868522FA} = {B18077F9-DA28-4C5F-AA30-84EF851A5976}
	EndGlobalSection
	GlobalSection(ExtensibilityGlobals) = postSolution
		SolutionGuid = {BA56E36C-E4DA-4505-A315-DCA0B0884D44}
	EndGlobalSection
EndGlobal
